Microsoft Visual Studio Solution File, Format Version 12.00
# Visual Studio Version 16
VisualStudioVersion = 16.0.30503.244
MinimumVisualStudioVersion = 10.0.40219.1
Project("{9A19103F-16F7-4668-BE54-9A1E7A4F7556}") = "CSE.Automation", "CSE.Automation\CSE.Automation.csproj", "{FE6FA95D-5003-425C-B37B-41706591E57E}"
EndProject
Project("{9A19103F-16F7-4668-BE54-9A1E7A4F7556}") = "CSE.Automation.Tests", "CSE.Automation.Tests\CSE.Automation.Tests.csproj", "{5C515ED7-6CFE-462E-827F-68EADE6DB6B5}"
EndProject
Project("{2150E333-8FDC-42A3-9474-1A3956D46DE8}") = "SolutionScripts", "SolutionScripts", "{FE98C1FA-9F10-4534-9495-BDEF87681EF9}"
	ProjectSection(SolutionItems) = preProject
		SolutionScripts\appsettings.Development.json.template = SolutionScripts\appsettings.Development.json.template
		SolutionScripts\local.settings.json.template = SolutionScripts\local.settings.json.template
		SolutionScripts\SolutionCommands.ps1 = SolutionScripts\SolutionCommands.ps1
	EndProjectSection
	ProjectSection(FolderGlobals) = preProject
		C_5_4Users_4nsikanudoyen_4source_4repos_4ServicePrincipal_4src_4Automation_4SolutionScripts_4local_1settings_1json_1template__JsonSchema = https://json-stat.org/format/schema/2.0/
	EndProjectSection
EndProject
Project("{9A19103F-16F7-4668-BE54-9A1E7A4F7556}") = "CSE.Automation.TestsPrep", "CSE.Automation.TestsPrep\CSE.Automation.TestsPrep.csproj", "{7B58FC36-F080-4542-AF4B-CA17A8F499D8}"
EndProject
Global
	GlobalSection(SolutionConfigurationPlatforms) = preSolution
		Debug|Any CPU = Debug|Any CPU
		Release|Any CPU = Release|Any CPU
	EndGlobalSection
	GlobalSection(ProjectConfigurationPlatforms) = postSolution
		{FE6FA95D-5003-425C-B37B-41706591E57E}.Debug|Any CPU.ActiveCfg = Debug|Any CPU
		{FE6FA95D-5003-425C-B37B-41706591E57E}.Debug|Any CPU.Build.0 = Debug|Any CPU
		{FE6FA95D-5003-425C-B37B-41706591E57E}.Release|Any CPU.ActiveCfg = Release|Any CPU
		{FE6FA95D-5003-425C-B37B-41706591E57E}.Release|Any CPU.Build.0 = Release|Any CPU
		{5C515ED7-6CFE-462E-827F-68EADE6DB6B5}.Debug|Any CPU.ActiveCfg = Debug|Any CPU
		{5C515ED7-6CFE-462E-827F-68EADE6DB6B5}.Debug|Any CPU.Build.0 = Debug|Any CPU
		{5C515ED7-6CFE-462E-827F-68EADE6DB6B5}.Release|Any CPU.ActiveCfg = Release|Any CPU
		{5C515ED7-6CFE-462E-827F-68EADE6DB6B5}.Release|Any CPU.Build.0 = Release|Any CPU
		{7B58FC36-F080-4542-AF4B-CA17A8F499D8}.Debug|Any CPU.ActiveCfg = Debug|Any CPU
		{7B58FC36-F080-4542-AF4B-CA17A8F499D8}.Debug|Any CPU.Build.0 = Debug|Any CPU
		{7B58FC36-F080-4542-AF4B-CA17A8F499D8}.Release|Any CPU.ActiveCfg = Release|Any CPU
		{7B58FC36-F080-4542-AF4B-CA17A8F499D8}.Release|Any CPU.Build.0 = Release|Any CPU
	EndGlobalSection
	GlobalSection(SolutionProperties) = preSolution
		HideSolutionNode = FALSE
	EndGlobalSection
	GlobalSection(ExtensibilityGlobals) = postSolution
		SolutionGuid = {59A3CF89-29B8-4C61-A296-197B35D947ED}
	EndGlobalSection
EndGlobal
