
Microsoft Visual Studio Solution File, Format Version 12.00
# Visual Studio Version 16
VisualStudioVersion = 16.0.30320.27
MinimumVisualStudioVersion = 10.0.40219.1
Project("{FAE04EC0-301F-11D3-BF4B-00C04F79EFBC}") = "Spike", "Spike.csproj", "{83E77B47-9586-4545-8832-F1F6D6AC4D3D}"
EndProject
Global
	GlobalSection(SolutionConfigurationPlatforms) = preSolution
		Debug|Any CPU = Debug|Any CPU
		Release|Any CPU = Release|Any CPU
	EndGlobalSection
	GlobalSection(ProjectConfigurationPlatforms) = postSolution
		{83E77B47-9586-4545-8832-F1F6D6AC4D3D}.Debug|Any CPU.ActiveCfg = Debug|Any CPU
		{83E77B47-9586-4545-8832-F1F6D6AC4D3D}.Debug|Any CPU.Build.0 = Debug|Any CPU
		{83E77B47-9586-4545-8832-F1F6D6AC4D3D}.Release|Any CPU.ActiveCfg = Release|Any CPU
		{83E77B47-9586-4545-8832-F1F6D6AC4D3D}.Release|Any CPU.Build.0 = Release|Any CPU
	EndGlobalSection
	GlobalSection(SolutionProperties) = preSolution
		HideSolutionNode = FALSE
	EndGlobalSection
	GlobalSection(ExtensibilityGlobals) = postSolution
		SolutionGuid = {F7CFF588-D5DC-4AE9-9962-563B0006CC1F}
	EndGlobalSection
EndGlobal
