Microsoft Visual Studio Solution File, Format Version 12.00
# Visual Studio Version 16
VisualStudioVersion = 16.0.30413.136
MinimumVisualStudioVersion = 10.0.40219.1
Project("{9A19103F-16F7-4668-BE54-9A1E7A4F7556}") = "GraphCrud", "GraphCrud.csproj", "{323ABC38-44A8-4506-B370-D09870B31DFA}"
EndProject
Project("{FAE04EC0-301F-11D3-BF4B-00C04F79EFBC}") = "Cosmos", "..\Cosmos\Cosmos.csproj", "{04EBB7F3-02A8-48E1-B151-573CA0E863BC}"
EndProject
Global
	GlobalSection(SolutionConfigurationPlatforms) = preSolution
		Debug|Any CPU = Debug|Any CPU
		Release|Any CPU = Release|Any CPU
	EndGlobalSection
	GlobalSection(ProjectConfigurationPlatforms) = postSolution
		{323ABC38-44A8-4506-B370-D09870B31DFA}.Debug|Any CPU.ActiveCfg = Debug|Any CPU
		{323ABC38-44A8-4506-B370-D09870B31DFA}.Debug|Any CPU.Build.0 = Debug|Any CPU
		{323ABC38-44A8-4506-B370-D09870B31DFA}.Release|Any CPU.ActiveCfg = Release|Any CPU
		{323ABC38-44A8-4506-B370-D09870B31DFA}.Release|Any CPU.Build.0 = Release|Any CPU
		{04EBB7F3-02A8-48E1-B151-573CA0E863BC}.Debug|Any CPU.ActiveCfg = Debug|Any CPU
		{04EBB7F3-02A8-48E1-B151-573CA0E863BC}.Debug|Any CPU.Build.0 = Debug|Any CPU
		{04EBB7F3-02A8-48E1-B151-573CA0E863BC}.Release|Any CPU.ActiveCfg = Release|Any CPU
		{04EBB7F3-02A8-48E1-B151-573CA0E863BC}.Release|Any CPU.Build.0 = Release|Any CPU
	EndGlobalSection
	GlobalSection(SolutionProperties) = preSolution
		HideSolutionNode = FALSE
	EndGlobalSection
	GlobalSection(ExtensibilityGlobals) = postSolution
		SolutionGuid = {4DA62154-225B-4204-8974-30802C5A43AE}
	EndGlobalSection
EndGlobal
