
Microsoft Visual Studio Solution File, Format Version 12.00
# Visual Studio Version 16
VisualStudioVersion = 16.0.30611.23
MinimumVisualStudioVersion = 10.0.40219.1
Project("{FAE04EC0-301F-11D3-BF4B-00C04F79EFBC}") = "CosmosDBTool", "CosmosDBTool\CosmosDBTool.csproj", "{4DE85874-7F34-4CE5-95DE-734BAB7BC28A}"
EndProject
Global
	GlobalSection(SolutionConfigurationPlatforms) = preSolution
		Debug|Any CPU = Debug|Any CPU
		Release|Any CPU = Release|Any CPU
	EndGlobalSection
	GlobalSection(ProjectConfigurationPlatforms) = postSolution
		{4DE85874-7F34-4CE5-95DE-734BAB7BC28A}.Debug|Any CPU.ActiveCfg = Debug|Any CPU
		{4DE85874-7F34-4CE5-95DE-734BAB7BC28A}.Debug|Any CPU.Build.0 = Debug|Any CPU
		{4DE85874-7F34-4CE5-95DE-734BAB7BC28A}.Release|Any CPU.ActiveCfg = Release|Any CPU
		{4DE85874-7F34-4CE5-95DE-734BAB7BC28A}.Release|Any CPU.Build.0 = Release|Any CPU
	EndGlobalSection
	GlobalSection(SolutionProperties) = preSolution
		HideSolutionNode = FALSE
	EndGlobalSection
	GlobalSection(ExtensibilityGlobals) = postSolution
		SolutionGuid = {E698DEAE-D549-4AB4-A7B5-7EE66C44232F}
	EndGlobalSection
EndGlobal
